// !$*UTF8*$!
{
	archiveVersion = 1;
	classes = {
	};
	objectVersion = 50;
	objects = {

/* Begin PBXBuildFile section */
		4937E9CB57C6F120B1338A2E /* Pods_MindWear_WatchKit_Extension.framework in Frameworks */ = {isa = PBXBuildFile; fileRef = 362BB7A7BAD2A77CD38E5870 /* Pods_MindWear_WatchKit_Extension.framework */; };
		5F30EC4525358AA70007A500 /* MindWear WatchKit App.app in Embed Watch Content */ = {isa = PBXBuildFile; fileRef = 5F30EC4425358AA70007A500 /* MindWear WatchKit App.app */; settings = {ATTRIBUTES = (RemoveHeadersOnCopy, ); }; };
		5F30EC4B25358AA70007A500 /* Interface.storyboard in Resources */ = {isa = PBXBuildFile; fileRef = 5F30EC4925358AA70007A500 /* Interface.storyboard */; };
		5F30EC4D25358AAA0007A500 /* Assets.xcassets in Resources */ = {isa = PBXBuildFile; fileRef = 5F30EC4C25358AAA0007A500 /* Assets.xcassets */; };
		5F30EC5425358AAA0007A500 /* MindWear WatchKit Extension.appex in Embed App Extensions */ = {isa = PBXBuildFile; fileRef = 5F30EC5325358AAA0007A500 /* MindWear WatchKit Extension.appex */; settings = {ATTRIBUTES = (RemoveHeadersOnCopy, ); }; };
		5F30EC5925358AAA0007A500 /* InterfaceController.swift in Sources */ = {isa = PBXBuildFile; fileRef = 5F30EC5825358AAA0007A500 /* InterfaceController.swift */; };
		5F30EC5B25358AAA0007A500 /* ExtensionDelegate.swift in Sources */ = {isa = PBXBuildFile; fileRef = 5F30EC5A25358AAA0007A500 /* ExtensionDelegate.swift */; };
		5F30EC5D25358AAA0007A500 /* ComplicationController.swift in Sources */ = {isa = PBXBuildFile; fileRef = 5F30EC5C25358AAA0007A500 /* ComplicationController.swift */; };
		5F30EC5F25358AAB0007A500 /* Assets.xcassets in Resources */ = {isa = PBXBuildFile; fileRef = 5F30EC5E25358AAB0007A500 /* Assets.xcassets */; };
		A1000F761136ABE3A0D34CB0 /* Pods_MindWear.framework in Frameworks */ = {isa = PBXBuildFile; fileRef = CA455A5F43DE60393BA3BFA4 /* Pods_MindWear.framework */; };
		AC766B38F3C132EA081E1166 /* Pods_MindWear_WatchKit_App.framework in Frameworks */ = {isa = PBXBuildFile; fileRef = 2A5BDB246DB33B6B6E29C3FF /* Pods_MindWear_WatchKit_App.framework */; };
/* End PBXBuildFile section */

/* Begin PBXContainerItemProxy section */
		5F30EC4625358AA70007A500 /* PBXContainerItemProxy */ = {
			isa = PBXContainerItemProxy;
			containerPortal = 5F30EC3A25358AA70007A500 /* Project object */;
			proxyType = 1;
			remoteGlobalIDString = 5F30EC4325358AA70007A500;
			remoteInfo = "MindWear WatchKit App";
		};
		5F30EC5525358AAA0007A500 /* PBXContainerItemProxy */ = {
			isa = PBXContainerItemProxy;
			containerPortal = 5F30EC3A25358AA70007A500 /* Project object */;
			proxyType = 1;
			remoteGlobalIDString = 5F30EC5225358AAA0007A500;
			remoteInfo = "MindWear WatchKit Extension";
		};
/* End PBXContainerItemProxy section */

/* Begin PBXCopyFilesBuildPhase section */
		5F30EC6625358AAB0007A500 /* Embed App Extensions */ = {
			isa = PBXCopyFilesBuildPhase;
			buildActionMask = 2147483647;
			dstPath = "";
			dstSubfolderSpec = 13;
			files = (
				5F30EC5425358AAA0007A500 /* MindWear WatchKit Extension.appex in Embed App Extensions */,
			);
			name = "Embed App Extensions";
			runOnlyForDeploymentPostprocessing = 0;
		};
		5F30EC6A25358AAB0007A500 /* Embed Watch Content */ = {
			isa = PBXCopyFilesBuildPhase;
			buildActionMask = 2147483647;
			dstPath = "$(CONTENTS_FOLDER_PATH)/Watch";
			dstSubfolderSpec = 16;
			files = (
				5F30EC4525358AA70007A500 /* MindWear WatchKit App.app in Embed Watch Content */,
			);
			name = "Embed Watch Content";
			runOnlyForDeploymentPostprocessing = 0;
		};
/* End PBXCopyFilesBuildPhase section */

/* Begin PBXFileReference section */
		16EBE78E085B3DC0DF2DABCF /* Pods-MindWear WatchKit Extension.release.xcconfig */ = {isa = PBXFileReference; includeInIndex = 1; lastKnownFileType = text.xcconfig; name = "Pods-MindWear WatchKit Extension.release.xcconfig"; path = "Target Support Files/Pods-MindWear WatchKit Extension/Pods-MindWear WatchKit Extension.release.xcconfig"; sourceTree = "<group>"; };
		2A5BDB246DB33B6B6E29C3FF /* Pods_MindWear_WatchKit_App.framework */ = {isa = PBXFileReference; explicitFileType = wrapper.framework; includeInIndex = 0; path = Pods_MindWear_WatchKit_App.framework; sourceTree = BUILT_PRODUCTS_DIR; };
		362BB7A7BAD2A77CD38E5870 /* Pods_MindWear_WatchKit_Extension.framework */ = {isa = PBXFileReference; explicitFileType = wrapper.framework; includeInIndex = 0; path = Pods_MindWear_WatchKit_Extension.framework; sourceTree = BUILT_PRODUCTS_DIR; };
		5F30EC4025358AA70007A500 /* MindWear.app */ = {isa = PBXFileReference; explicitFileType = wrapper.application; includeInIndex = 0; path = MindWear.app; sourceTree = BUILT_PRODUCTS_DIR; };
		5F30EC4425358AA70007A500 /* MindWear WatchKit App.app */ = {isa = PBXFileReference; explicitFileType = wrapper.application; includeInIndex = 0; path = "MindWear WatchKit App.app"; sourceTree = BUILT_PRODUCTS_DIR; };
		5F30EC4A25358AA70007A500 /* Base */ = {isa = PBXFileReference; lastKnownFileType = file.storyboard; name = Base; path = Base.lproj/Interface.storyboard; sourceTree = "<group>"; };
		5F30EC4C25358AAA0007A500 /* Assets.xcassets */ = {isa = PBXFileReference; lastKnownFileType = folder.assetcatalog; path = Assets.xcassets; sourceTree = "<group>"; };
		5F30EC4E25358AAA0007A500 /* Info.plist */ = {isa = PBXFileReference; lastKnownFileType = text.plist.xml; path = Info.plist; sourceTree = "<group>"; };
		5F30EC5325358AAA0007A500 /* MindWear WatchKit Extension.appex */ = {isa = PBXFileReference; explicitFileType = "wrapper.app-extension"; includeInIndex = 0; path = "MindWear WatchKit Extension.appex"; sourceTree = BUILT_PRODUCTS_DIR; };
		5F30EC5825358AAA0007A500 /* InterfaceController.swift */ = {isa = PBXFileReference; lastKnownFileType = sourcecode.swift; path = InterfaceController.swift; sourceTree = "<group>"; };
		5F30EC5A25358AAA0007A500 /* ExtensionDelegate.swift */ = {isa = PBXFileReference; lastKnownFileType = sourcecode.swift; path = ExtensionDelegate.swift; sourceTree = "<group>"; };
		5F30EC5C25358AAA0007A500 /* ComplicationController.swift */ = {isa = PBXFileReference; lastKnownFileType = sourcecode.swift; path = ComplicationController.swift; sourceTree = "<group>"; };
		5F30EC5E25358AAB0007A500 /* Assets.xcassets */ = {isa = PBXFileReference; lastKnownFileType = folder.assetcatalog; path = Assets.xcassets; sourceTree = "<group>"; };
		5F30EC6025358AAB0007A500 /* Info.plist */ = {isa = PBXFileReference; lastKnownFileType = text.plist.xml; path = Info.plist; sourceTree = "<group>"; };
		75386B519BE65FCB6674D018 /* Pods-MindWear.debug.xcconfig */ = {isa = PBXFileReference; includeInIndex = 1; lastKnownFileType = text.xcconfig; name = "Pods-MindWear.debug.xcconfig"; path = "Target Support Files/Pods-MindWear/Pods-MindWear.debug.xcconfig"; sourceTree = "<group>"; };
		99EA692F962A042477E5C6E7 /* Pods-MindWear WatchKit App.debug.xcconfig */ = {isa = PBXFileReference; includeInIndex = 1; lastKnownFileType = text.xcconfig; name = "Pods-MindWear WatchKit App.debug.xcconfig"; path = "Target Support Files/Pods-MindWear WatchKit App/Pods-MindWear WatchKit App.debug.xcconfig"; sourceTree = "<group>"; };
		CA455A5F43DE60393BA3BFA4 /* Pods_MindWear.framework */ = {isa = PBXFileReference; explicitFileType = wrapper.framework; includeInIndex = 0; path = Pods_MindWear.framework; sourceTree = BUILT_PRODUCTS_DIR; };
		D4671BB7A1ABC0F74D24D7B0 /* Pods-MindWear WatchKit Extension.debug.xcconfig */ = {isa = PBXFileReference; includeInIndex = 1; lastKnownFileType = text.xcconfig; name = "Pods-MindWear WatchKit Extension.debug.xcconfig"; path = "Target Support Files/Pods-MindWear WatchKit Extension/Pods-MindWear WatchKit Extension.debug.xcconfig"; sourceTree = "<group>"; };
		E3FAFA5064BB393BA74EF1B6 /* Pods-MindWear.release.xcconfig */ = {isa = PBXFileReference; includeInIndex = 1; lastKnownFileType = text.xcconfig; name = "Pods-MindWear.release.xcconfig"; path = "Target Support Files/Pods-MindWear/Pods-MindWear.release.xcconfig"; sourceTree = "<group>"; };
		FA99FA1DCFE5B8DACC3A9095 /* Pods-MindWear WatchKit App.release.xcconfig */ = {isa = PBXFileReference; includeInIndex = 1; lastKnownFileType = text.xcconfig; name = "Pods-MindWear WatchKit App.release.xcconfig"; path = "Target Support Files/Pods-MindWear WatchKit App/Pods-MindWear WatchKit App.release.xcconfig"; sourceTree = "<group>"; };
/* End PBXFileReference section */

/* Begin PBXFrameworksBuildPhase section */
		1144E9D994CFF5910C8A1AD7 /* Frameworks */ = {
			isa = PBXFrameworksBuildPhase;
			buildActionMask = 2147483647;
			files = (
				A1000F761136ABE3A0D34CB0 /* Pods_MindWear.framework in Frameworks */,
			);
			runOnlyForDeploymentPostprocessing = 0;
		};
		5F30EC5025358AAA0007A500 /* Frameworks */ = {
			isa = PBXFrameworksBuildPhase;
			buildActionMask = 2147483647;
			files = (
				4937E9CB57C6F120B1338A2E /* Pods_MindWear_WatchKit_Extension.framework in Frameworks */,
			);
			runOnlyForDeploymentPostprocessing = 0;
		};
		79F77521CC95028C35E88463 /* Frameworks */ = {
			isa = PBXFrameworksBuildPhase;
			buildActionMask = 2147483647;
			files = (
				AC766B38F3C132EA081E1166 /* Pods_MindWear_WatchKit_App.framework in Frameworks */,
			);
			runOnlyForDeploymentPostprocessing = 0;
		};
/* End PBXFrameworksBuildPhase section */

/* Begin PBXGroup section */
		2379498BD7AD4DAF0C7738B2 /* Pods */ = {
			isa = PBXGroup;
			children = (
				75386B519BE65FCB6674D018 /* Pods-MindWear.debug.xcconfig */,
				E3FAFA5064BB393BA74EF1B6 /* Pods-MindWear.release.xcconfig */,
				99EA692F962A042477E5C6E7 /* Pods-MindWear WatchKit App.debug.xcconfig */,
				FA99FA1DCFE5B8DACC3A9095 /* Pods-MindWear WatchKit App.release.xcconfig */,
				D4671BB7A1ABC0F74D24D7B0 /* Pods-MindWear WatchKit Extension.debug.xcconfig */,
				16EBE78E085B3DC0DF2DABCF /* Pods-MindWear WatchKit Extension.release.xcconfig */,
			);
			name = Pods;
			path = Pods;
			sourceTree = "<group>";
		};
		5F30EC3925358AA70007A500 = {
			isa = PBXGroup;
			children = (
				5F30EC4825358AA70007A500 /* MindWear WatchKit App */,
				5F30EC5725358AAA0007A500 /* MindWear WatchKit Extension */,
				5F30EC4125358AA70007A500 /* Products */,
				2379498BD7AD4DAF0C7738B2 /* Pods */,
				DAF0B4548FEFBD8EF9C27CA0 /* Frameworks */,
			);
			sourceTree = "<group>";
		};
		5F30EC4125358AA70007A500 /* Products */ = {
			isa = PBXGroup;
			children = (
				5F30EC4025358AA70007A500 /* MindWear.app */,
				5F30EC4425358AA70007A500 /* MindWear WatchKit App.app */,
				5F30EC5325358AAA0007A500 /* MindWear WatchKit Extension.appex */,
			);
			name = Products;
			sourceTree = "<group>";
		};
		5F30EC4825358AA70007A500 /* MindWear WatchKit App */ = {
			isa = PBXGroup;
			children = (
				5F30EC4925358AA70007A500 /* Interface.storyboard */,
				5F30EC4C25358AAA0007A500 /* Assets.xcassets */,
				5F30EC4E25358AAA0007A500 /* Info.plist */,
			);
			path = "MindWear WatchKit App";
			sourceTree = "<group>";
		};
		5F30EC5725358AAA0007A500 /* MindWear WatchKit Extension */ = {
			isa = PBXGroup;
			children = (
				5F30EC5825358AAA0007A500 /* InterfaceController.swift */,
				5F30EC5A25358AAA0007A500 /* ExtensionDelegate.swift */,
				5F30EC5C25358AAA0007A500 /* ComplicationController.swift */,
				5F30EC5E25358AAB0007A500 /* Assets.xcassets */,
				5F30EC6025358AAB0007A500 /* Info.plist */,
			);
			path = "MindWear WatchKit Extension";
			sourceTree = "<group>";
		};
		DAF0B4548FEFBD8EF9C27CA0 /* Frameworks */ = {
			isa = PBXGroup;
			children = (
				CA455A5F43DE60393BA3BFA4 /* Pods_MindWear.framework */,
				2A5BDB246DB33B6B6E29C3FF /* Pods_MindWear_WatchKit_App.framework */,
				362BB7A7BAD2A77CD38E5870 /* Pods_MindWear_WatchKit_Extension.framework */,
			);
			name = Frameworks;
			sourceTree = "<group>";
		};
/* End PBXGroup section */

/* Begin PBXNativeTarget section */
		5F30EC3F25358AA70007A500 /* MindWear */ = {
			isa = PBXNativeTarget;
			buildConfigurationList = 5F30EC6B25358AAB0007A500 /* Build configuration list for PBXNativeTarget "MindWear" */;
			buildPhases = (
				2ED8F3589469F8D602BF9FEA /* [CP] Check Pods Manifest.lock */,
				5F30EC3E25358AA70007A500 /* Resources */,
				5F30EC6A25358AAB0007A500 /* Embed Watch Content */,
				1144E9D994CFF5910C8A1AD7 /* Frameworks */,
			);
			buildRules = (
			);
			dependencies = (
				5F30EC4725358AA70007A500 /* PBXTargetDependency */,
			);
			name = MindWear;
			productName = MindWear;
			productReference = 5F30EC4025358AA70007A500 /* MindWear.app */;
			productType = "com.apple.product-type.application.watchapp2-container";
		};
		5F30EC4325358AA70007A500 /* MindWear WatchKit App */ = {
			isa = PBXNativeTarget;
			buildConfigurationList = 5F30EC6725358AAB0007A500 /* Build configuration list for PBXNativeTarget "MindWear WatchKit App" */;
			buildPhases = (
				CB090CF7E7AFFB0A1F6FDD34 /* [CP] Check Pods Manifest.lock */,
				5F30EC4225358AA70007A500 /* Resources */,
				5F30EC6625358AAB0007A500 /* Embed App Extensions */,
				79F77521CC95028C35E88463 /* Frameworks */,
			);
			buildRules = (
			);
			dependencies = (
				5F30EC5625358AAA0007A500 /* PBXTargetDependency */,
			);
			name = "MindWear WatchKit App";
			productName = "MindWear WatchKit App";
			productReference = 5F30EC4425358AA70007A500 /* MindWear WatchKit App.app */;
			productType = "com.apple.product-type.application.watchapp2";
		};
		5F30EC5225358AAA0007A500 /* MindWear WatchKit Extension */ = {
			isa = PBXNativeTarget;
			buildConfigurationList = 5F30EC6325358AAB0007A500 /* Build configuration list for PBXNativeTarget "MindWear WatchKit Extension" */;
			buildPhases = (
				3052AED0B72E525273FBFEC9 /* [CP] Check Pods Manifest.lock */,
				5F30EC4F25358AAA0007A500 /* Sources */,
				5F30EC5025358AAA0007A500 /* Frameworks */,
				5F30EC5125358AAA0007A500 /* Resources */,
				3CC45E88D22DF85B323EE5EF /* [CP] Embed Pods Frameworks */,
			);
			buildRules = (
			);
			dependencies = (
			);
			name = "MindWear WatchKit Extension";
			productName = "MindWear WatchKit Extension";
			productReference = 5F30EC5325358AAA0007A500 /* MindWear WatchKit Extension.appex */;
			productType = "com.apple.product-type.watchkit2-extension";
		};
/* End PBXNativeTarget section */

/* Begin PBXProject section */
		5F30EC3A25358AA70007A500 /* Project object */ = {
			isa = PBXProject;
			attributes = {
				LastSwiftUpdateCheck = 1200;
				LastUpgradeCheck = 1200;
				TargetAttributes = {
					5F30EC3F25358AA70007A500 = {
						CreatedOnToolsVersion = 12.0.1;
					};
					5F30EC4325358AA70007A500 = {
						CreatedOnToolsVersion = 12.0.1;
					};
					5F30EC5225358AAA0007A500 = {
						CreatedOnToolsVersion = 12.0.1;
					};
				};
			};
			buildConfigurationList = 5F30EC3D25358AA70007A500 /* Build configuration list for PBXProject "MindWear" */;
			compatibilityVersion = "Xcode 9.3";
			developmentRegion = en;
			hasScannedForEncodings = 0;
			knownRegions = (
				en,
				Base,
			);
			mainGroup = 5F30EC3925358AA70007A500;
			productRefGroup = 5F30EC4125358AA70007A500 /* Products */;
			projectDirPath = "";
			projectRoot = "";
			targets = (
				5F30EC3F25358AA70007A500 /* MindWear */,
				5F30EC4325358AA70007A500 /* MindWear WatchKit App */,
				5F30EC5225358AAA0007A500 /* MindWear WatchKit Extension */,
			);
		};
/* End PBXProject section */

/* Begin PBXResourcesBuildPhase section */
		5F30EC3E25358AA70007A500 /* Resources */ = {
			isa = PBXResourcesBuildPhase;
			buildActionMask = 2147483647;
			files = (
			);
			runOnlyForDeploymentPostprocessing = 0;
		};
		5F30EC4225358AA70007A500 /* Resources */ = {
			isa = PBXResourcesBuildPhase;
			buildActionMask = 2147483647;
			files = (
				5F30EC4D25358AAA0007A500 /* Assets.xcassets in Resources */,
				5F30EC4B25358AA70007A500 /* Interface.storyboard in Resources */,
			);
			runOnlyForDeploymentPostprocessing = 0;
		};
		5F30EC5125358AAA0007A500 /* Resources */ = {
			isa = PBXResourcesBuildPhase;
			buildActionMask = 2147483647;
			files = (
				5F30EC5F25358AAB0007A500 /* Assets.xcassets in Resources */,
			);
			runOnlyForDeploymentPostprocessing = 0;
		};
/* End PBXResourcesBuildPhase section */

/* Begin PBXShellScriptBuildPhase section */
		2ED8F3589469F8D602BF9FEA /* [CP] Check Pods Manifest.lock */ = {
			isa = PBXShellScriptBuildPhase;
			buildActionMask = 2147483647;
			files = (
			);
			inputFileListPaths = (
			);
			inputPaths = (
				"${PODS_PODFILE_DIR_PATH}/Podfile.lock",
				"${PODS_ROOT}/Manifest.lock",
			);
			name = "[CP] Check Pods Manifest.lock";
			outputFileListPaths = (
			);
			outputPaths = (
				"$(DERIVED_FILE_DIR)/Pods-MindWear-checkManifestLockResult.txt",
			);
			runOnlyForDeploymentPostprocessing = 0;
			shellPath = /bin/sh;
			shellScript = "diff \"${PODS_PODFILE_DIR_PATH}/Podfile.lock\" \"${PODS_ROOT}/Manifest.lock\" > /dev/null\nif [ $? != 0 ] ; then\n    # print error to STDERR\n    echo \"error: The sandbox is not in sync with the Podfile.lock. Run 'pod install' or update your CocoaPods installation.\" >&2\n    exit 1\nfi\n# This output is used by Xcode 'outputs' to avoid re-running this script phase.\necho \"SUCCESS\" > \"${SCRIPT_OUTPUT_FILE_0}\"\n";
			showEnvVarsInLog = 0;
		};
		3052AED0B72E525273FBFEC9 /* [CP] Check Pods Manifest.lock */ = {
			isa = PBXShellScriptBuildPhase;
			buildActionMask = 2147483647;
			files = (
			);
			inputFileListPaths = (
			);
			inputPaths = (
				"${PODS_PODFILE_DIR_PATH}/Podfile.lock",
				"${PODS_ROOT}/Manifest.lock",
			);
			name = "[CP] Check Pods Manifest.lock";
			outputFileListPaths = (
			);
			outputPaths = (
				"$(DERIVED_FILE_DIR)/Pods-MindWear WatchKit Extension-checkManifestLockResult.txt",
			);
			runOnlyForDeploymentPostprocessing = 0;
			shellPath = /bin/sh;
			shellScript = "diff \"${PODS_PODFILE_DIR_PATH}/Podfile.lock\" \"${PODS_ROOT}/Manifest.lock\" > /dev/null\nif [ $? != 0 ] ; then\n    # print error to STDERR\n    echo \"error: The sandbox is not in sync with the Podfile.lock. Run 'pod install' or update your CocoaPods installation.\" >&2\n    exit 1\nfi\n# This output is used by Xcode 'outputs' to avoid re-running this script phase.\necho \"SUCCESS\" > \"${SCRIPT_OUTPUT_FILE_0}\"\n";
			showEnvVarsInLog = 0;
		};
		3CC45E88D22DF85B323EE5EF /* [CP] Embed Pods Frameworks */ = {
			isa = PBXShellScriptBuildPhase;
			buildActionMask = 2147483647;
			files = (
			);
			inputFileListPaths = (
				"${PODS_ROOT}/Target Support Files/Pods-MindWear WatchKit Extension/Pods-MindWear WatchKit Extension-frameworks-${CONFIGURATION}-input-files.xcfilelist",
			);
			name = "[CP] Embed Pods Frameworks";
			outputFileListPaths = (
				"${PODS_ROOT}/Target Support Files/Pods-MindWear WatchKit Extension/Pods-MindWear WatchKit Extension-frameworks-${CONFIGURATION}-output-files.xcfilelist",
			);
			runOnlyForDeploymentPostprocessing = 0;
			shellPath = /bin/sh;
			shellScript = "\"${PODS_ROOT}/Target Support Files/Pods-MindWear WatchKit Extension/Pods-MindWear WatchKit Extension-frameworks.sh\"\n";
			showEnvVarsInLog = 0;
		};
		CB090CF7E7AFFB0A1F6FDD34 /* [CP] Check Pods Manifest.lock */ = {
			isa = PBXShellScriptBuildPhase;
			buildActionMask = 2147483647;
			files = (
			);
			inputFileListPaths = (
			);
			inputPaths = (
				"${PODS_PODFILE_DIR_PATH}/Podfile.lock",
				"${PODS_ROOT}/Manifest.lock",
			);
			name = "[CP] Check Pods Manifest.lock";
			outputFileListPaths = (
			);
			outputPaths = (
				"$(DERIVED_FILE_DIR)/Pods-MindWear WatchKit App-checkManifestLockResult.txt",
			);
			runOnlyForDeploymentPostprocessing = 0;
			shellPath = /bin/sh;
			shellScript = "diff \"${PODS_PODFILE_DIR_PATH}/Podfile.lock\" \"${PODS_ROOT}/Manifest.lock\" > /dev/null\nif [ $? != 0 ] ; then\n    # print error to STDERR\n    echo \"error: The sandbox is not in sync with the Podfile.lock. Run 'pod install' or update your CocoaPods installation.\" >&2\n    exit 1\nfi\n# This output is used by Xcode 'outputs' to avoid re-running this script phase.\necho \"SUCCESS\" > \"${SCRIPT_OUTPUT_FILE_0}\"\n";
			showEnvVarsInLog = 0;
		};
/* End PBXShellScriptBuildPhase section */

/* Begin PBXSourcesBuildPhase section */
		5F30EC4F25358AAA0007A500 /* Sources */ = {
			isa = PBXSourcesBuildPhase;
			buildActionMask = 2147483647;
			files = (
				5F30EC5B25358AAA0007A500 /* ExtensionDelegate.swift in Sources */,
				5F30EC5925358AAA0007A500 /* InterfaceController.swift in Sources */,
				5F30EC5D25358AAA0007A500 /* ComplicationController.swift in Sources */,
			);
			runOnlyForDeploymentPostprocessing = 0;
		};
/* End PBXSourcesBuildPhase section */

/* Begin PBXTargetDependency section */
		5F30EC4725358AA70007A500 /* PBXTargetDependency */ = {
			isa = PBXTargetDependency;
			target = 5F30EC4325358AA70007A500 /* MindWear WatchKit App */;
			targetProxy = 5F30EC4625358AA70007A500 /* PBXContainerItemProxy */;
		};
		5F30EC5625358AAA0007A500 /* PBXTargetDependency */ = {
			isa = PBXTargetDependency;
			target = 5F30EC5225358AAA0007A500 /* MindWear WatchKit Extension */;
			targetProxy = 5F30EC5525358AAA0007A500 /* PBXContainerItemProxy */;
		};
/* End PBXTargetDependency section */

/* Begin PBXVariantGroup section */
		5F30EC4925358AA70007A500 /* Interface.storyboard */ = {
			isa = PBXVariantGroup;
			children = (
				5F30EC4A25358AA70007A500 /* Base */,
			);
			name = Interface.storyboard;
			sourceTree = "<group>";
		};
/* End PBXVariantGroup section */

/* Begin XCBuildConfiguration section */
		5F30EC6125358AAB0007A500 /* Debug */ = {
			isa = XCBuildConfiguration;
			buildSettings = {
				ALWAYS_SEARCH_USER_PATHS = NO;
				CLANG_ANALYZER_NONNULL = YES;
				CLANG_ANALYZER_NUMBER_OBJECT_CONVERSION = YES_AGGRESSIVE;
				CLANG_CXX_LANGUAGE_STANDARD = "gnu++14";
				CLANG_CXX_LIBRARY = "libc++";
				CLANG_ENABLE_MODULES = YES;
				CLANG_ENABLE_OBJC_ARC = YES;
				CLANG_ENABLE_OBJC_WEAK = YES;
				CLANG_WARN_BLOCK_CAPTURE_AUTORELEASING = YES;
				CLANG_WARN_BOOL_CONVERSION = YES;
				CLANG_WARN_COMMA = YES;
				CLANG_WARN_CONSTANT_CONVERSION = YES;
				CLANG_WARN_DEPRECATED_OBJC_IMPLEMENTATIONS = YES;
				CLANG_WARN_DIRECT_OBJC_ISA_USAGE = YES_ERROR;
				CLANG_WARN_DOCUMENTATION_COMMENTS = YES;
				CLANG_WARN_EMPTY_BODY = YES;
				CLANG_WARN_ENUM_CONVERSION = YES;
				CLANG_WARN_INFINITE_RECURSION = YES;
				CLANG_WARN_INT_CONVERSION = YES;
				CLANG_WARN_NON_LITERAL_NULL_CONVERSION = YES;
				CLANG_WARN_OBJC_IMPLICIT_RETAIN_SELF = YES;
				CLANG_WARN_OBJC_LITERAL_CONVERSION = YES;
				CLANG_WARN_OBJC_ROOT_CLASS = YES_ERROR;
				CLANG_WARN_QUOTED_INCLUDE_IN_FRAMEWORK_HEADER = YES;
				CLANG_WARN_RANGE_LOOP_ANALYSIS = YES;
				CLANG_WARN_STRICT_PROTOTYPES = YES;
				CLANG_WARN_SUSPICIOUS_MOVE = YES;
				CLANG_WARN_UNGUARDED_AVAILABILITY = YES_AGGRESSIVE;
				CLANG_WARN_UNREACHABLE_CODE = YES;
				CLANG_WARN__DUPLICATE_METHOD_MATCH = YES;
				COPY_PHASE_STRIP = NO;
				DEBUG_INFORMATION_FORMAT = dwarf;
				ENABLE_STRICT_OBJC_MSGSEND = YES;
				ENABLE_TESTABILITY = YES;
				GCC_C_LANGUAGE_STANDARD = gnu11;
				GCC_DYNAMIC_NO_PIC = NO;
				GCC_NO_COMMON_BLOCKS = YES;
				GCC_OPTIMIZATION_LEVEL = 0;
				GCC_PREPROCESSOR_DEFINITIONS = (
					"DEBUG=1",
					"$(inherited)",
				);
				GCC_WARN_64_TO_32_BIT_CONVERSION = YES;
				GCC_WARN_ABOUT_RETURN_TYPE = YES_ERROR;
				GCC_WARN_UNDECLARED_SELECTOR = YES;
				GCC_WARN_UNINITIALIZED_AUTOS = YES_AGGRESSIVE;
				GCC_WARN_UNUSED_FUNCTION = YES;
				GCC_WARN_UNUSED_VARIABLE = YES;
				MTL_ENABLE_DEBUG_INFO = INCLUDE_SOURCE;
				MTL_FAST_MATH = YES;
				ONLY_ACTIVE_ARCH = YES;
				SDKROOT = iphoneos;
				SWIFT_ACTIVE_COMPILATION_CONDITIONS = DEBUG;
				SWIFT_OPTIMIZATION_LEVEL = "-Onone";
			};
			name = Debug;
		};
		5F30EC6225358AAB0007A500 /* Release */ = {
			isa = XCBuildConfiguration;
			buildSettings = {
				ALWAYS_SEARCH_USER_PATHS = NO;
				CLANG_ANALYZER_NONNULL = YES;
				CLANG_ANALYZER_NUMBER_OBJECT_CONVERSION = YES_AGGRESSIVE;
				CLANG_CXX_LANGUAGE_STANDARD = "gnu++14";
				CLANG_CXX_LIBRARY = "libc++";
				CLANG_ENABLE_MODULES = YES;
				CLANG_ENABLE_OBJC_ARC = YES;
				CLANG_ENABLE_OBJC_WEAK = YES;
				CLANG_WARN_BLOCK_CAPTURE_AUTORELEASING = YES;
				CLANG_WARN_BOOL_CONVERSION = YES;
				CLANG_WARN_COMMA = YES;
				CLANG_WARN_CONSTANT_CONVERSION = YES;
				CLANG_WARN_DEPRECATED_OBJC_IMPLEMENTATIONS = YES;
				CLANG_WARN_DIRECT_OBJC_ISA_USAGE = YES_ERROR;
				CLANG_WARN_DOCUMENTATION_COMMENTS = YES;
				CLANG_WARN_EMPTY_BODY = YES;
				CLANG_WARN_ENUM_CONVERSION = YES;
				CLANG_WARN_INFINITE_RECURSION = YES;
				CLANG_WARN_INT_CONVERSION = YES;
				CLANG_WARN_NON_LITERAL_NULL_CONVERSION = YES;
				CLANG_WARN_OBJC_IMPLICIT_RETAIN_SELF = YES;
				CLANG_WARN_OBJC_LITERAL_CONVERSION = YES;
				CLANG_WARN_OBJC_ROOT_CLASS = YES_ERROR;
				CLANG_WARN_QUOTED_INCLUDE_IN_FRAMEWORK_HEADER = YES;
				CLANG_WARN_RANGE_LOOP_ANALYSIS = YES;
				CLANG_WARN_STRICT_PROTOTYPES = YES;
				CLANG_WARN_SUSPICIOUS_MOVE = YES;
				CLANG_WARN_UNGUARDED_AVAILABILITY = YES_AGGRESSIVE;
				CLANG_WARN_UNREACHABLE_CODE = YES;
				CLANG_WARN__DUPLICATE_METHOD_MATCH = YES;
				COPY_PHASE_STRIP = NO;
				DEBUG_INFORMATION_FORMAT = "dwarf-with-dsym";
				ENABLE_NS_ASSERTIONS = NO;
				ENABLE_STRICT_OBJC_MSGSEND = YES;
				GCC_C_LANGUAGE_STANDARD = gnu11;
				GCC_NO_COMMON_BLOCKS = YES;
				GCC_WARN_64_TO_32_BIT_CONVERSION = YES;
				GCC_WARN_ABOUT_RETURN_TYPE = YES_ERROR;
				GCC_WARN_UNDECLARED_SELECTOR = YES;
				GCC_WARN_UNINITIALIZED_AUTOS = YES_AGGRESSIVE;
				GCC_WARN_UNUSED_FUNCTION = YES;
				GCC_WARN_UNUSED_VARIABLE = YES;
				MTL_ENABLE_DEBUG_INFO = NO;
				MTL_FAST_MATH = YES;
				SDKROOT = iphoneos;
				SWIFT_COMPILATION_MODE = wholemodule;
				SWIFT_OPTIMIZATION_LEVEL = "-O";
				VALIDATE_PRODUCT = YES;
			};
			name = Release;
		};
		5F30EC6425358AAB0007A500 /* Debug */ = {
			isa = XCBuildConfiguration;
			baseConfigurationReference = D4671BB7A1ABC0F74D24D7B0 /* Pods-MindWear WatchKit Extension.debug.xcconfig */;
			buildSettings = {
				ASSETCATALOG_COMPILER_COMPLICATION_NAME = Complication;
				CODE_SIGN_STYLE = Automatic;
				DEVELOPMENT_TEAM = 53D6V8P865;
				INFOPLIST_FILE = "MindWear WatchKit Extension/Info.plist";
				LD_RUNPATH_SEARCH_PATHS = (
					"$(inherited)",
					"@executable_path/Frameworks",
					"@executable_path/../../Frameworks",
				);
				PRODUCT_BUNDLE_IDENTIFIER = com.flog.MindWear.watchkitapp.watchkitextension;
				PRODUCT_NAME = "${TARGET_NAME}";
				SDKROOT = watchos;
				SKIP_INSTALL = YES;
				SWIFT_VERSION = 5.0;
				TARGETED_DEVICE_FAMILY = 4;
				WATCHOS_DEPLOYMENT_TARGET = 7.0;
			};
			name = Debug;
		};
		5F30EC6525358AAB0007A500 /* Release */ = {
			isa = XCBuildConfiguration;
			baseConfigurationReference = 16EBE78E085B3DC0DF2DABCF /* Pods-MindWear WatchKit Extension.release.xcconfig */;
			buildSettings = {
				ASSETCATALOG_COMPILER_COMPLICATION_NAME = Complication;
				CODE_SIGN_STYLE = Automatic;
				DEVELOPMENT_TEAM = 53D6V8P865;
				INFOPLIST_FILE = "MindWear WatchKit Extension/Info.plist";
				LD_RUNPATH_SEARCH_PATHS = (
					"$(inherited)",
					"@executable_path/Frameworks",
					"@executable_path/../../Frameworks",
				);
				PRODUCT_BUNDLE_IDENTIFIER = com.flog.MindWear.watchkitapp.watchkitextension;
				PRODUCT_NAME = "${TARGET_NAME}";
				SDKROOT = watchos;
				SKIP_INSTALL = YES;
				SWIFT_VERSION = 5.0;
				TARGETED_DEVICE_FAMILY = 4;
				WATCHOS_DEPLOYMENT_TARGET = 7.0;
			};
			name = Release;
		};
		5F30EC6825358AAB0007A500 /* Debug */ = {
			isa = XCBuildConfiguration;
			baseConfigurationReference = 99EA692F962A042477E5C6E7 /* Pods-MindWear WatchKit App.debug.xcconfig */;
			buildSettings = {
				ALWAYS_EMBED_SWIFT_STANDARD_LIBRARIES = YES;
				ASSETCATALOG_COMPILER_APPICON_NAME = AppIcon;
				ASSETCATALOG_COMPILER_GLOBAL_ACCENT_COLOR_NAME = AccentColor;
				CODE_SIGN_STYLE = Automatic;
				DEVELOPMENT_TEAM = 53D6V8P865;
				IBSC_MODULE = MindWear_WatchKit_Extension;
				INFOPLIST_FILE = "MindWear WatchKit App/Info.plist";
				PRODUCT_BUNDLE_IDENTIFIER = com.flog.MindWear.watchkitapp;
				PRODUCT_NAME = "$(TARGET_NAME)";
				SDKROOT = watchos;
				SKIP_INSTALL = YES;
				SWIFT_VERSION = 5.0;
				TARGETED_DEVICE_FAMILY = 4;
				WATCHOS_DEPLOYMENT_TARGET = 7.0;
			};
			name = Debug;
		};
		5F30EC6925358AAB0007A500 /* Release */ = {
			isa = XCBuildConfiguration;
			baseConfigurationReference = FA99FA1DCFE5B8DACC3A9095 /* Pods-MindWear WatchKit App.release.xcconfig */;
			buildSettings = {
				ALWAYS_EMBED_SWIFT_STANDARD_LIBRARIES = YES;
				ASSETCATALOG_COMPILER_APPICON_NAME = AppIcon;
				ASSETCATALOG_COMPILER_GLOBAL_ACCENT_COLOR_NAME = AccentColor;
				CODE_SIGN_STYLE = Automatic;
				DEVELOPMENT_TEAM = 53D6V8P865;
				IBSC_MODULE = MindWear_WatchKit_Extension;
				INFOPLIST_FILE = "MindWear WatchKit App/Info.plist";
				PRODUCT_BUNDLE_IDENTIFIER = com.flog.MindWear.watchkitapp;
				PRODUCT_NAME = "$(TARGET_NAME)";
				SDKROOT = watchos;
				SKIP_INSTALL = YES;
				SWIFT_VERSION = 5.0;
				TARGETED_DEVICE_FAMILY = 4;
				WATCHOS_DEPLOYMENT_TARGET = 7.0;
			};
			name = Release;
		};
		5F30EC6C25358AAB0007A500 /* Debug */ = {
			isa = XCBuildConfiguration;
			baseConfigurationReference = 75386B519BE65FCB6674D018 /* Pods-MindWear.debug.xcconfig */;
			buildSettings = {
				CODE_SIGN_STYLE = Automatic;
				CURRENT_PROJECT_VERSION = 1;
				DEVELOPMENT_TEAM = 53D6V8P865;
				MARKETING_VERSION = 1.0;
				PRODUCT_BUNDLE_IDENTIFIER = com.flog.MindWear;
				PRODUCT_NAME = "$(TARGET_NAME)";
				SWIFT_VERSION = 5.0;
			};
			name = Debug;
		};
		5F30EC6D25358AAB0007A500 /* Release */ = {
			isa = XCBuildConfiguration;
			baseConfigurationReference = E3FAFA5064BB393BA74EF1B6 /* Pods-MindWear.release.xcconfig */;
			buildSettings = {
				CODE_SIGN_STYLE = Automatic;
				CURRENT_PROJECT_VERSION = 1;
				DEVELOPMENT_TEAM = 53D6V8P865;
				MARKETING_VERSION = 1.0;
				PRODUCT_BUNDLE_IDENTIFIER = com.flog.MindWear;
				PRODUCT_NAME = "$(TARGET_NAME)";
				SWIFT_VERSION = 5.0;
			};
			name = Release;
		};
/* End XCBuildConfiguration section */

/* Begin XCConfigurationList section */
		5F30EC3D25358AA70007A500 /* Build configuration list for PBXProject "MindWear" */ = {
			isa = XCConfigurationList;
			buildConfigurations = (
				5F30EC6125358AAB0007A500 /* Debug */,
				5F30EC6225358AAB0007A500 /* Release */,
			);
			defaultConfigurationIsVisible = 0;
			defaultConfigurationName = Release;
		};
		5F30EC6325358AAB0007A500 /* Build configuration list for PBXNativeTarget "MindWear WatchKit Extension" */ = {
			isa = XCConfigurationList;
			buildConfigurations = (
				5F30EC6425358AAB0007A500 /* Debug */,
				5F30EC6525358AAB0007A500 /* Release */,
			);
			defaultConfigurationIsVisible = 0;
			defaultConfigurationName = Release;
		};
		5F30EC6725358AAB0007A500 /* Build configuration list for PBXNativeTarget "MindWear WatchKit App" */ = {
			isa = XCConfigurationList;
			buildConfigurations = (
				5F30EC6825358AAB0007A500 /* Debug */,
				5F30EC6925358AAB0007A500 /* Release */,
			);
			defaultConfigurationIsVisible = 0;
			defaultConfigurationName = Release;
		};
		5F30EC6B25358AAB0007A500 /* Build configuration list for PBXNativeTarget "MindWear" */ = {
			isa = XCConfigurationList;
			buildConfigurations = (
				5F30EC6C25358AAB0007A500 /* Debug */,
				5F30EC6D25358AAB0007A500 /* Release */,
			);
			defaultConfigurationIsVisible = 0;
			defaultConfigurationName = Release;
		};
/* End XCConfigurationList section */
	};
	rootObject = 5F30EC3A25358AA70007A500 /* Project object */;
}
